// !$*UTF8*$!
{
	archiveVersion = 1;
	classes = {
	};
	objectVersion = 50;
	objects = {

/* Begin PBXBuildFile section */
		A50A269F20AFA7CA00768AEA /* ErrorEnum.swift in Sources */ = {isa = PBXBuildFile; fileRef = A50A269E20AFA7CA00768AEA /* ErrorEnum.swift */; };
		A50FFEBE20AE4284009EA595 /* PinViewController.swift in Sources */ = {isa = PBXBuildFile; fileRef = A50FFEBD20AE4284009EA595 /* PinViewController.swift */; };
		A5B908A320ABA1B6007BA9EF /* Student.swift in Sources */ = {isa = PBXBuildFile; fileRef = A5B908A220ABA1B6007BA9EF /* Student.swift */; };
		A5B908A520ABA263007BA9EF /* User.swift in Sources */ = {isa = PBXBuildFile; fileRef = A5B908A420ABA263007BA9EF /* User.swift */; };
		A5E952D520ABA79400E60D7E /* TableViewController.swift in Sources */ = {isa = PBXBuildFile; fileRef = A5E952D420ABA79400E60D7E /* TableViewController.swift */; };
		A5F0956920AA41E800B3874F /* AppDelegate.swift in Sources */ = {isa = PBXBuildFile; fileRef = A5F0956820AA41E800B3874F /* AppDelegate.swift */; };
		A5F0956B20AA41E800B3874F /* BaseController.swift in Sources */ = {isa = PBXBuildFile; fileRef = A5F0956A20AA41E800B3874F /* BaseController.swift */; };
		A5F0956E20AA41E800B3874F /* Main.storyboard in Resources */ = {isa = PBXBuildFile; fileRef = A5F0956C20AA41E800B3874F /* Main.storyboard */; };
		A5F0957020AA41E800B3874F /* Assets.xcassets in Resources */ = {isa = PBXBuildFile; fileRef = A5F0956F20AA41E800B3874F /* Assets.xcassets */; };
		A5F0957320AA41E800B3874F /* LaunchScreen.storyboard in Resources */ = {isa = PBXBuildFile; fileRef = A5F0957120AA41E800B3874F /* LaunchScreen.storyboard */; };
		A5F0957C20AA443B00B3874F /* LoginViewController.swift in Sources */ = {isa = PBXBuildFile; fileRef = A5F0957B20AA443B00B3874F /* LoginViewController.swift */; };
		A5F0957E20AA447F00B3874F /* Constants.swift in Sources */ = {isa = PBXBuildFile; fileRef = A5F0957D20AA447F00B3874F /* Constants.swift */; };
		A5F0958120AA551900B3874F /* UdacityClient.swift in Sources */ = {isa = PBXBuildFile; fileRef = A5F0958020AA551900B3874F /* UdacityClient.swift */; };
		A5F0958420AA553F00B3874F /* ApiUtils.swift in Sources */ = {isa = PBXBuildFile; fileRef = A5F0958320AA553F00B3874F /* ApiUtils.swift */; };
		A5F0958920AA729700B3874F /* MapViewController.swift in Sources */ = {isa = PBXBuildFile; fileRef = A5F0958820AA729700B3874F /* MapViewController.swift */; };
		A5F0958C20AA72F300B3874F /* ParseClient.swift in Sources */ = {isa = PBXBuildFile; fileRef = A5F0958B20AA72F300B3874F /* ParseClient.swift */; };
/* End PBXBuildFile section */

/* Begin PBXFileReference section */
		A50A269E20AFA7CA00768AEA /* ErrorEnum.swift */ = {isa = PBXFileReference; lastKnownFileType = sourcecode.swift; path = ErrorEnum.swift; sourceTree = "<group>"; };
		A50FFEBD20AE4284009EA595 /* PinViewController.swift */ = {isa = PBXFileReference; lastKnownFileType = sourcecode.swift; path = PinViewController.swift; sourceTree = "<group>"; };
		A5B908A220ABA1B6007BA9EF /* Student.swift */ = {isa = PBXFileReference; lastKnownFileType = sourcecode.swift; path = Student.swift; sourceTree = "<group>"; };
		A5B908A420ABA263007BA9EF /* User.swift */ = {isa = PBXFileReference; lastKnownFileType = sourcecode.swift; path = User.swift; sourceTree = "<group>"; };
		A5E952D420ABA79400E60D7E /* TableViewController.swift */ = {isa = PBXFileReference; lastKnownFileType = sourcecode.swift; path = TableViewController.swift; sourceTree = "<group>"; };
		A5F0956520AA41E800B3874F /* udacity on the map.app */ = {isa = PBXFileReference; explicitFileType = wrapper.application; includeInIndex = 0; path = "udacity on the map.app"; sourceTree = BUILT_PRODUCTS_DIR; };
		A5F0956820AA41E800B3874F /* AppDelegate.swift */ = {isa = PBXFileReference; lastKnownFileType = sourcecode.swift; path = AppDelegate.swift; sourceTree = "<group>"; };
		A5F0956A20AA41E800B3874F /* BaseController.swift */ = {isa = PBXFileReference; lastKnownFileType = sourcecode.swift; path = BaseController.swift; sourceTree = "<group>"; };
		A5F0956D20AA41E800B3874F /* Base */ = {isa = PBXFileReference; lastKnownFileType = file.storyboard; name = Base; path = Base.lproj/Main.storyboard; sourceTree = "<group>"; };
		A5F0956F20AA41E800B3874F /* Assets.xcassets */ = {isa = PBXFileReference; lastKnownFileType = folder.assetcatalog; path = Assets.xcassets; sourceTree = "<group>"; };
		A5F0957220AA41E800B3874F /* Base */ = {isa = PBXFileReference; lastKnownFileType = file.storyboard; name = Base; path = Base.lproj/LaunchScreen.storyboard; sourceTree = "<group>"; };
		A5F0957420AA41E800B3874F /* Info.plist */ = {isa = PBXFileReference; lastKnownFileType = text.plist.xml; path = Info.plist; sourceTree = "<group>"; };
		A5F0957B20AA443B00B3874F /* LoginViewController.swift */ = {isa = PBXFileReference; lastKnownFileType = sourcecode.swift; path = LoginViewController.swift; sourceTree = "<group>"; };
		A5F0957D20AA447F00B3874F /* Constants.swift */ = {isa = PBXFileReference; lastKnownFileType = sourcecode.swift; path = Constants.swift; sourceTree = "<group>"; };
		A5F0958020AA551900B3874F /* UdacityClient.swift */ = {isa = PBXFileReference; lastKnownFileType = sourcecode.swift; path = UdacityClient.swift; sourceTree = "<group>"; };
		A5F0958320AA553F00B3874F /* ApiUtils.swift */ = {isa = PBXFileReference; lastKnownFileType = sourcecode.swift; path = ApiUtils.swift; sourceTree = "<group>"; };
		A5F0958820AA729700B3874F /* MapViewController.swift */ = {isa = PBXFileReference; lastKnownFileType = sourcecode.swift; path = MapViewController.swift; sourceTree = "<group>"; };
		A5F0958B20AA72F300B3874F /* ParseClient.swift */ = {isa = PBXFileReference; lastKnownFileType = sourcecode.swift; path = ParseClient.swift; sourceTree = "<group>"; };
/* End PBXFileReference section */

/* Begin PBXFrameworksBuildPhase section */
		A5F0956220AA41E800B3874F /* Frameworks */ = {
			isa = PBXFrameworksBuildPhase;
			buildActionMask = 2147483647;
			files = (
			);
			runOnlyForDeploymentPostprocessing = 0;
		};
/* End PBXFrameworksBuildPhase section */

/* Begin PBXGroup section */
		A5B908A120ABA194007BA9EF /* Models */ = {
			isa = PBXGroup;
			children = (
				A5B908A220ABA1B6007BA9EF /* Student.swift */,
				A5B908A420ABA263007BA9EF /* User.swift */,
			);
			name = Models;
			sourceTree = "<group>";
		};
		A5F0955C20AA41E700B3874F = {
			isa = PBXGroup;
			children = (
				A5F0956720AA41E800B3874F /* udacity on the map */,
				A5F0956620AA41E800B3874F /* Products */,
			);
			sourceTree = "<group>";
		};
		A5F0956620AA41E800B3874F /* Products */ = {
			isa = PBXGroup;
			children = (
				A5F0956520AA41E800B3874F /* udacity on the map.app */,
			);
			name = Products;
			sourceTree = "<group>";
		};
		A5F0956720AA41E800B3874F /* udacity on the map */ = {
			isa = PBXGroup;
			children = (
				A5B908A120ABA194007BA9EF /* Models */,
				A5F0958220AA553400B3874F /* Utils */,
				A5F0957F20AA550800B3874F /* Clients */,
				A5F0957A20AA440F00B3874F /* View Controllers */,
				A5F0956820AA41E800B3874F /* AppDelegate.swift */,
				A5F0956C20AA41E800B3874F /* Main.storyboard */,
				A5F0956F20AA41E800B3874F /* Assets.xcassets */,
				A5F0957120AA41E800B3874F /* LaunchScreen.storyboard */,
				A5F0957420AA41E800B3874F /* Info.plist */,
				A5F0957D20AA447F00B3874F /* Constants.swift */,
			);
			path = "udacity on the map";
			sourceTree = "<group>";
		};
		A5F0957A20AA440F00B3874F /* View Controllers */ = {
			isa = PBXGroup;
			children = (
				A5F0956A20AA41E800B3874F /* BaseController.swift */,
				A5F0957B20AA443B00B3874F /* LoginViewController.swift */,
				A5F0958820AA729700B3874F /* MapViewController.swift */,
				A5E952D420ABA79400E60D7E /* TableViewController.swift */,
				A50FFEBD20AE4284009EA595 /* PinViewController.swift */,
			);
			name = "View Controllers";
			sourceTree = "<group>";
		};
		A5F0957F20AA550800B3874F /* Clients */ = {
			isa = PBXGroup;
			children = (
				A5F0958A20AA72E500B3874F /* Parse */,
				A5F0958720AA657A00B3874F /* Udacity */,
			);
			name = Clients;
			sourceTree = "<group>";
		};
		A5F0958220AA553400B3874F /* Utils */ = {
			isa = PBXGroup;
			children = (
				A5F0958320AA553F00B3874F /* ApiUtils.swift */,
				A50A269E20AFA7CA00768AEA /* ErrorEnum.swift */,
			);
			name = Utils;
			sourceTree = "<group>";
		};
		A5F0958720AA657A00B3874F /* Udacity */ = {
			isa = PBXGroup;
			children = (
				A5F0958020AA551900B3874F /* UdacityClient.swift */,
			);
			name = Udacity;
			sourceTree = "<group>";
		};
		A5F0958A20AA72E500B3874F /* Parse */ = {
			isa = PBXGroup;
			children = (
				A5F0958B20AA72F300B3874F /* ParseClient.swift */,
			);
			name = Parse;
			sourceTree = "<group>";
		};
/* End PBXGroup section */

/* Begin PBXNativeTarget section */
		A5F0956420AA41E800B3874F /* udacity on the map */ = {
			isa = PBXNativeTarget;
			buildConfigurationList = A5F0957720AA41E800B3874F /* Build configuration list for PBXNativeTarget "udacity on the map" */;
			buildPhases = (
				A5F0956120AA41E800B3874F /* Sources */,
				A5F0956220AA41E800B3874F /* Frameworks */,
				A5F0956320AA41E800B3874F /* Resources */,
			);
			buildRules = (
			);
			dependencies = (
			);
			name = "udacity on the map";
			productName = "udacity on the map";
			productReference = A5F0956520AA41E800B3874F /* udacity on the map.app */;
			productType = "com.apple.product-type.application";
		};
/* End PBXNativeTarget section */

/* Begin PBXProject section */
		A5F0955D20AA41E700B3874F /* Project object */ = {
			isa = PBXProject;
			attributes = {
				LastSwiftUpdateCheck = 0930;
				LastUpgradeCheck = 0930;
				ORGANIZATIONNAME = Fedulo;
				TargetAttributes = {
					A5F0956420AA41E800B3874F = {
						CreatedOnToolsVersion = 9.3;
					};
				};
			};
			buildConfigurationList = A5F0956020AA41E700B3874F /* Build configuration list for PBXProject "udacity on the map" */;
			compatibilityVersion = "Xcode 9.3";
			developmentRegion = en;
			hasScannedForEncodings = 0;
			knownRegions = (
				en,
				Base,
			);
			mainGroup = A5F0955C20AA41E700B3874F;
			productRefGroup = A5F0956620AA41E800B3874F /* Products */;
			projectDirPath = "";
			projectRoot = "";
			targets = (
				A5F0956420AA41E800B3874F /* udacity on the map */,
			);
		};
/* End PBXProject section */

/* Begin PBXResourcesBuildPhase section */
		A5F0956320AA41E800B3874F /* Resources */ = {
			isa = PBXResourcesBuildPhase;
			buildActionMask = 2147483647;
			files = (
				A5F0957320AA41E800B3874F /* LaunchScreen.storyboard in Resources */,
				A5F0957020AA41E800B3874F /* Assets.xcassets in Resources */,
				A5F0956E20AA41E800B3874F /* Main.storyboard in Resources */,
			);
			runOnlyForDeploymentPostprocessing = 0;
		};
/* End PBXResourcesBuildPhase section */

/* Begin PBXSourcesBuildPhase section */
		A5F0956120AA41E800B3874F /* Sources */ = {
			isa = PBXSourcesBuildPhase;
			buildActionMask = 2147483647;
			files = (
				A5F0958C20AA72F300B3874F /* ParseClient.swift in Sources */,
				A5F0958420AA553F00B3874F /* ApiUtils.swift in Sources */,
				A5F0958120AA551900B3874F /* UdacityClient.swift in Sources */,
				A5F0957C20AA443B00B3874F /* LoginViewController.swift in Sources */,
				A5F0956B20AA41E800B3874F /* BaseController.swift in Sources */,
				A5F0956920AA41E800B3874F /* AppDelegate.swift in Sources */,
				A50A269F20AFA7CA00768AEA /* ErrorEnum.swift in Sources */,
				A5E952D520ABA79400E60D7E /* TableViewController.swift in Sources */,
				A5F0957E20AA447F00B3874F /* Constants.swift in Sources */,
				A5B908A320ABA1B6007BA9EF /* Student.swift in Sources */,
				A5F0958920AA729700B3874F /* MapViewController.swift in Sources */,
				A50FFEBE20AE4284009EA595 /* PinViewController.swift in Sources */,
				A5B908A520ABA263007BA9EF /* User.swift in Sources */,
			);
			runOnlyForDeploymentPostprocessing = 0;
		};
/* End PBXSourcesBuildPhase section */

/* Begin PBXVariantGroup section */
		A5F0956C20AA41E800B3874F /* Main.storyboard */ = {
			isa = PBXVariantGroup;
			children = (
				A5F0956D20AA41E800B3874F /* Base */,
			);
			name = Main.storyboard;
			sourceTree = "<group>";
		};
		A5F0957120AA41E800B3874F /* LaunchScreen.storyboard */ = {
			isa = PBXVariantGroup;
			children = (
				A5F0957220AA41E800B3874F /* Base */,
			);
			name = LaunchScreen.storyboard;
			sourceTree = "<group>";
		};
/* End PBXVariantGroup section */

/* Begin XCBuildConfiguration section */
		A5F0957520AA41E800B3874F /* Debug */ = {
			isa = XCBuildConfiguration;
			buildSettings = {
				ALWAYS_SEARCH_USER_PATHS = NO;
				CLANG_ANALYZER_NONNULL = YES;
				CLANG_ANALYZER_NUMBER_OBJECT_CONVERSION = YES_AGGRESSIVE;
				CLANG_CXX_LANGUAGE_STANDARD = "gnu++14";
				CLANG_CXX_LIBRARY = "libc++";
				CLANG_ENABLE_MODULES = YES;
				CLANG_ENABLE_OBJC_ARC = YES;
				CLANG_ENABLE_OBJC_WEAK = YES;
				CLANG_WARN_BLOCK_CAPTURE_AUTORELEASING = YES;
				CLANG_WARN_BOOL_CONVERSION = YES;
				CLANG_WARN_COMMA = YES;
				CLANG_WARN_CONSTANT_CONVERSION = YES;
				CLANG_WARN_DEPRECATED_OBJC_IMPLEMENTATIONS = YES;
				CLANG_WARN_DIRECT_OBJC_ISA_USAGE = YES_ERROR;
				CLANG_WARN_DOCUMENTATION_COMMENTS = YES;
				CLANG_WARN_EMPTY_BODY = YES;
				CLANG_WARN_ENUM_CONVERSION = YES;
				CLANG_WARN_INFINITE_RECURSION = YES;
				CLANG_WARN_INT_CONVERSION = YES;
				CLANG_WARN_NON_LITERAL_NULL_CONVERSION = YES;
				CLANG_WARN_OBJC_IMPLICIT_RETAIN_SELF = YES;
				CLANG_WARN_OBJC_LITERAL_CONVERSION = YES;
				CLANG_WARN_OBJC_ROOT_CLASS = YES_ERROR;
				CLANG_WARN_RANGE_LOOP_ANALYSIS = YES;
				CLANG_WARN_STRICT_PROTOTYPES = YES;
				CLANG_WARN_SUSPICIOUS_MOVE = YES;
				CLANG_WARN_UNGUARDED_AVAILABILITY = YES_AGGRESSIVE;
				CLANG_WARN_UNREACHABLE_CODE = YES;
				CLANG_WARN__DUPLICATE_METHOD_MATCH = YES;
				CODE_SIGN_IDENTITY = "iPhone Developer";
				COPY_PHASE_STRIP = NO;
				DEBUG_INFORMATION_FORMAT = dwarf;
				ENABLE_STRICT_OBJC_MSGSEND = YES;
				ENABLE_TESTABILITY = YES;
				GCC_C_LANGUAGE_STANDARD = gnu11;
				GCC_DYNAMIC_NO_PIC = NO;
				GCC_NO_COMMON_BLOCKS = YES;
				GCC_OPTIMIZATION_LEVEL = 0;
				GCC_PREPROCESSOR_DEFINITIONS = (
					"DEBUG=1",
					"$(inherited)",
				);
				GCC_WARN_64_TO_32_BIT_CONVERSION = YES;
				GCC_WARN_ABOUT_RETURN_TYPE = YES_ERROR;
				GCC_WARN_UNDECLARED_SELECTOR = YES;
				GCC_WARN_UNINITIALIZED_AUTOS = YES_AGGRESSIVE;
				GCC_WARN_UNUSED_FUNCTION = YES;
				GCC_WARN_UNUSED_VARIABLE = YES;
				IPHONEOS_DEPLOYMENT_TARGET = 11.3;
				MTL_ENABLE_DEBUG_INFO = YES;
				ONLY_ACTIVE_ARCH = YES;
				SDKROOT = iphoneos;
				SWIFT_ACTIVE_COMPILATION_CONDITIONS = DEBUG;
				SWIFT_OPTIMIZATION_LEVEL = "-Onone";
			};
			name = Debug;
		};
		A5F0957620AA41E800B3874F /* Release */ = {
			isa = XCBuildConfiguration;
			buildSettings = {
				ALWAYS_SEARCH_USER_PATHS = NO;
				CLANG_ANALYZER_NONNULL = YES;
				CLANG_ANALYZER_NUMBER_OBJECT_CONVERSION = YES_AGGRESSIVE;
				CLANG_CXX_LANGUAGE_STANDARD = "gnu++14";
				CLANG_CXX_LIBRARY = "libc++";
				CLANG_ENABLE_MODULES = YES;
				CLANG_ENABLE_OBJC_ARC = YES;
				CLANG_ENABLE_OBJC_WEAK = YES;
				CLANG_WARN_BLOCK_CAPTURE_AUTORELEASING = YES;
				CLANG_WARN_BOOL_CONVERSION = YES;
				CLANG_WARN_COMMA = YES;
				CLANG_WARN_CONSTANT_CONVERSION = YES;
				CLANG_WARN_DEPRECATED_OBJC_IMPLEMENTATIONS = YES;
				CLANG_WARN_DIRECT_OBJC_ISA_USAGE = YES_ERROR;
				CLANG_WARN_DOCUMENTATION_COMMENTS = YES;
				CLANG_WARN_EMPTY_BODY = YES;
				CLANG_WARN_ENUM_CONVERSION = YES;
				CLANG_WARN_INFINITE_RECURSION = YES;
				CLANG_WARN_INT_CONVERSION = YES;
				CLANG_WARN_NON_LITERAL_NULL_CONVERSION = YES;
				CLANG_WARN_OBJC_IMPLICIT_RETAIN_SELF = YES;
				CLANG_WARN_OBJC_LITERAL_CONVERSION = YES;
				CLANG_WARN_OBJC_ROOT_CLASS = YES_ERROR;
				CLANG_WARN_RANGE_LOOP_ANALYSIS = YES;
				CLANG_WARN_STRICT_PROTOTYPES = YES;
				CLANG_WARN_SUSPICIOUS_MOVE = YES;
				CLANG_WARN_UNGUARDED_AVAILABILITY = YES_AGGRESSIVE;
				CLANG_WARN_UNREACHABLE_CODE = YES;
				CLANG_WARN__DUPLICATE_METHOD_MATCH = YES;
				CODE_SIGN_IDENTITY = "iPhone Developer";
				COPY_PHASE_STRIP = NO;
				DEBUG_INFORMATION_FORMAT = "dwarf-with-dsym";
				ENABLE_NS_ASSERTIONS = NO;
				ENABLE_STRICT_OBJC_MSGSEND = YES;
				GCC_C_LANGUAGE_STANDARD = gnu11;
				GCC_NO_COMMON_BLOCKS = YES;
				GCC_WARN_64_TO_32_BIT_CONVERSION = YES;
				GCC_WARN_ABOUT_RETURN_TYPE = YES_ERROR;
				GCC_WARN_UNDECLARED_SELECTOR = YES;
				GCC_WARN_UNINITIALIZED_AUTOS = YES_AGGRESSIVE;
				GCC_WARN_UNUSED_FUNCTION = YES;
				GCC_WARN_UNUSED_VARIABLE = YES;
				IPHONEOS_DEPLOYMENT_TARGET = 11.3;
				MTL_ENABLE_DEBUG_INFO = NO;
				SDKROOT = iphoneos;
				SWIFT_COMPILATION_MODE = wholemodule;
				SWIFT_OPTIMIZATION_LEVEL = "-O";
				VALIDATE_PRODUCT = YES;
			};
			name = Release;
		};
		A5F0957820AA41E800B3874F /* Debug */ = {
			isa = XCBuildConfiguration;
			buildSettings = {
				ASSETCATALOG_COMPILER_APPICON_NAME = AppIcon;
				CODE_SIGN_STYLE = Automatic;
				INFOPLIST_FILE = "udacity on the map/Info.plist";
				LD_RUNPATH_SEARCH_PATHS = (
					"$(inherited)",
					"@executable_path/Frameworks",
				);
				PRODUCT_BUNDLE_IDENTIFIER = "com.fedulo.udacity-on-the-map";
				PRODUCT_NAME = "$(TARGET_NAME)";
				SWIFT_VERSION = 4.0;
				TARGETED_DEVICE_FAMILY = "1,2";
			};
			name = Debug;
		};
		A5F0957920AA41E800B3874F /* Release */ = {
			isa = XCBuildConfiguration;
			buildSettings = {
				ASSETCATALOG_COMPILER_APPICON_NAME = AppIcon;
				CODE_SIGN_STYLE = Automatic;
				INFOPLIST_FILE = "udacity on the map/Info.plist";
				LD_RUNPATH_SEARCH_PATHS = (
					"$(inherited)",
					"@executable_path/Frameworks",
				);
				PRODUCT_BUNDLE_IDENTIFIER = "com.fedulo.udacity-on-the-map";
				PRODUCT_NAME = "$(TARGET_NAME)";
				SWIFT_VERSION = 4.0;
				TARGETED_DEVICE_FAMILY = "1,2";
			};
			name = Release;
		};
/* End XCBuildConfiguration section */

/* Begin XCConfigurationList section */
		A5F0956020AA41E700B3874F /* Build configuration list for PBXProject "udacity on the map" */ = {
			isa = XCConfigurationList;
			buildConfigurations = (
				A5F0957520AA41E800B3874F /* Debug */,
				A5F0957620AA41E800B3874F /* Release */,
			);
			defaultConfigurationIsVisible = 0;
			defaultConfigurationName = Release;
		};
		A5F0957720AA41E800B3874F /* Build configuration list for PBXNativeTarget "udacity on the map" */ = {
			isa = XCConfigurationList;
			buildConfigurations = (
				A5F0957820AA41E800B3874F /* Debug */,
				A5F0957920AA41E800B3874F /* Release */,
			);
			defaultConfigurationIsVisible = 0;
			defaultConfigurationName = Release;
		};
/* End XCConfigurationList section */
	};
	rootObject = A5F0955D20AA41E700B3874F /* Project object */;
}
